// !$*UTF8*$!
{
	archiveVersion = 1;
	classes = {
	};
	objectVersion = 56;
	objects = {

/* Begin PBXBuildFile section */
		13656375299F8459003F0F31 /* TaskView.swift in Sources */ = {isa = PBXBuildFile; fileRef = 13656374299F8459003F0F31 /* TaskView.swift */; };
		13656377299F8760003F0F31 /* ContentViewModel.swift in Sources */ = {isa = PBXBuildFile; fileRef = 13656376299F8760003F0F31 /* ContentViewModel.swift */; };
		C1B13A96299E2B3E008A8DE0 /* AppletsApp.swift in Sources */ = {isa = PBXBuildFile; fileRef = C1B13A95299E2B3E008A8DE0 /* AppletsApp.swift */; };
		C1B13A98299E2B3E008A8DE0 /* ContentView.swift in Sources */ = {isa = PBXBuildFile; fileRef = C1B13A97299E2B3E008A8DE0 /* ContentView.swift */; };
		C1B13A9A299E2B3F008A8DE0 /* Assets.xcassets in Resources */ = {isa = PBXBuildFile; fileRef = C1B13A99299E2B3F008A8DE0 /* Assets.xcassets */; };
		C1B13A9D299E2B3F008A8DE0 /* Preview Assets.xcassets in Resources */ = {isa = PBXBuildFile; fileRef = C1B13A9C299E2B3F008A8DE0 /* Preview Assets.xcassets */; };
		C1B13AA8299E60A9008A8DE0 /* Model.swift in Sources */ = {isa = PBXBuildFile; fileRef = C1B13AA7299E60A9008A8DE0 /* Model.swift */; };
/* End PBXBuildFile section */

/* Begin PBXFileReference section */
		13656374299F8459003F0F31 /* TaskView.swift */ = {isa = PBXFileReference; lastKnownFileType = sourcecode.swift; path = TaskView.swift; sourceTree = "<group>"; };
		13656376299F8760003F0F31 /* ContentViewModel.swift */ = {isa = PBXFileReference; lastKnownFileType = sourcecode.swift; path = ContentViewModel.swift; sourceTree = "<group>"; };
		C1B13A92299E2B3E008A8DE0 /* Applets.app */ = {isa = PBXFileReference; explicitFileType = wrapper.application; includeInIndex = 0; path = Applets.app; sourceTree = BUILT_PRODUCTS_DIR; };
		C1B13A95299E2B3E008A8DE0 /* AppletsApp.swift */ = {isa = PBXFileReference; lastKnownFileType = sourcecode.swift; path = AppletsApp.swift; sourceTree = "<group>"; };
		C1B13A97299E2B3E008A8DE0 /* ContentView.swift */ = {isa = PBXFileReference; lastKnownFileType = sourcecode.swift; path = ContentView.swift; sourceTree = "<group>"; };
		C1B13A99299E2B3F008A8DE0 /* Assets.xcassets */ = {isa = PBXFileReference; lastKnownFileType = folder.assetcatalog; path = Assets.xcassets; sourceTree = "<group>"; };
		C1B13A9C299E2B3F008A8DE0 /* Preview Assets.xcassets */ = {isa = PBXFileReference; lastKnownFileType = folder.assetcatalog; path = "Preview Assets.xcassets"; sourceTree = "<group>"; };
		C1B13AA7299E60A9008A8DE0 /* Model.swift */ = {isa = PBXFileReference; lastKnownFileType = sourcecode.swift; path = Model.swift; sourceTree = "<group>"; };
/* End PBXFileReference section */

/* Begin PBXFrameworksBuildPhase section */
		C1B13A8F299E2B3E008A8DE0 /* Frameworks */ = {
			isa = PBXFrameworksBuildPhase;
			buildActionMask = 2147483647;
			files = (
			);
			runOnlyForDeploymentPostprocessing = 0;
		};
/* End PBXFrameworksBuildPhase section */

/* Begin PBXGroup section */
		C1B13A89299E2B3E008A8DE0 = {
			isa = PBXGroup;
			children = (
				C1B13A94299E2B3E008A8DE0 /* Applets */,
				C1B13A93299E2B3E008A8DE0 /* Products */,
			);
			sourceTree = "<group>";
		};
		C1B13A93299E2B3E008A8DE0 /* Products */ = {
			isa = PBXGroup;
			children = (
				C1B13A92299E2B3E008A8DE0 /* Applets.app */,
			);
			name = Products;
			sourceTree = "<group>";
		};
		C1B13A94299E2B3E008A8DE0 /* Applets */ = {
			isa = PBXGroup;
			children = (
				C1B13AA6299E609B008A8DE0 /* Models */,
				C1B13AA4299E5D75008A8DE0 /* UI */,
				C1B13A95299E2B3E008A8DE0 /* AppletsApp.swift */,
				C1B13A99299E2B3F008A8DE0 /* Assets.xcassets */,
				C1B13A9B299E2B3F008A8DE0 /* Preview Content */,
			);
			path = Applets;
			sourceTree = "<group>";
		};
		C1B13A9B299E2B3F008A8DE0 /* Preview Content */ = {
			isa = PBXGroup;
			children = (
				C1B13A9C299E2B3F008A8DE0 /* Preview Assets.xcassets */,
			);
			path = "Preview Content";
			sourceTree = "<group>";
		};
		C1B13AA4299E5D75008A8DE0 /* UI */ = {
			isa = PBXGroup;
			children = (
				13656374299F8459003F0F31 /* TaskView.swift */,
				C1B13AA5299E5D7D008A8DE0 /* MainScreen */,
			);
			path = UI;
			sourceTree = "<group>";
		};
		C1B13AA5299E5D7D008A8DE0 /* MainScreen */ = {
			isa = PBXGroup;
			children = (
				C1B13A97299E2B3E008A8DE0 /* ContentView.swift */,
				13656376299F8760003F0F31 /* ContentViewModel.swift */,
			);
			path = MainScreen;
			sourceTree = "<group>";
		};
		C1B13AA6299E609B008A8DE0 /* Models */ = {
			isa = PBXGroup;
			children = (
				C1B13AA7299E60A9008A8DE0 /* Model.swift */,
			);
			path = Models;
			sourceTree = "<group>";
		};
/* End PBXGroup section */

/* Begin PBXNativeTarget section */
		C1B13A91299E2B3E008A8DE0 /* Applets */ = {
			isa = PBXNativeTarget;
			buildConfigurationList = C1B13AA0299E2B3F008A8DE0 /* Build configuration list for PBXNativeTarget "Applets" */;
			buildPhases = (
				C1B13A8E299E2B3E008A8DE0 /* Sources */,
				C1B13A8F299E2B3E008A8DE0 /* Frameworks */,
				C1B13A90299E2B3E008A8DE0 /* Resources */,
				C1B13AA3299E30B4008A8DE0 /* ShellScript */,
			);
			buildRules = (
			);
			dependencies = (
			);
			name = Applets;
			productName = Applets;
			productReference = C1B13A92299E2B3E008A8DE0 /* Applets.app */;
			productType = "com.apple.product-type.application";
		};
/* End PBXNativeTarget section */

/* Begin PBXProject section */
		C1B13A8A299E2B3E008A8DE0 /* Project object */ = {
			isa = PBXProject;
			attributes = {
				BuildIndependentTargetsInParallel = 1;
				LastSwiftUpdateCheck = 1400;
				LastUpgradeCheck = 1400;
				TargetAttributes = {
					C1B13A91299E2B3E008A8DE0 = {
						CreatedOnToolsVersion = 14.0;
					};
				};
			};
			buildConfigurationList = C1B13A8D299E2B3E008A8DE0 /* Build configuration list for PBXProject "Applets" */;
			compatibilityVersion = "Xcode 14.0";
			developmentRegion = en;
			hasScannedForEncodings = 0;
			knownRegions = (
				en,
				Base,
			);
			mainGroup = C1B13A89299E2B3E008A8DE0;
			productRefGroup = C1B13A93299E2B3E008A8DE0 /* Products */;
			projectDirPath = "";
			projectRoot = "";
			targets = (
				C1B13A91299E2B3E008A8DE0 /* Applets */,
			);
		};
/* End PBXProject section */

/* Begin PBXResourcesBuildPhase section */
		C1B13A90299E2B3E008A8DE0 /* Resources */ = {
			isa = PBXResourcesBuildPhase;
			buildActionMask = 2147483647;
			files = (
				C1B13A9D299E2B3F008A8DE0 /* Preview Assets.xcassets in Resources */,
				C1B13A9A299E2B3F008A8DE0 /* Assets.xcassets in Resources */,
			);
			runOnlyForDeploymentPostprocessing = 0;
		};
/* End PBXResourcesBuildPhase section */

/* Begin PBXShellScriptBuildPhase section */
		C1B13AA3299E30B4008A8DE0 /* ShellScript */ = {
			isa = PBXShellScriptBuildPhase;
			alwaysOutOfDate = 1;
			buildActionMask = 2147483647;
			files = (
			);
			inputFileListPaths = (
			);
			inputPaths = (
			);
			outputFileListPaths = (
			);
			outputPaths = (
			);
			runOnlyForDeploymentPostprocessing = 0;
			shellPath = /bin/sh;
			shellScript = "export PATH=\"$PATH:/opt/homebrew/bin\"\nif which swiftlint >/dev/null; then\n  swiftlint\nelse\n  echo \"warning: SwiftLint not installed, download from https://github.com/realm/SwiftLint\"\nfi\n";
		};
/* End PBXShellScriptBuildPhase section */

/* Begin PBXSourcesBuildPhase section */
		C1B13A8E299E2B3E008A8DE0 /* Sources */ = {
			isa = PBXSourcesBuildPhase;
			buildActionMask = 2147483647;
			files = (
				C1B13AA8299E60A9008A8DE0 /* Model.swift in Sources */,
				C1B13A98299E2B3E008A8DE0 /* ContentView.swift in Sources */,
				C1B13A96299E2B3E008A8DE0 /* AppletsApp.swift in Sources */,
				13656375299F8459003F0F31 /* TaskView.swift in Sources */,
				13656377299F8760003F0F31 /* ContentViewModel.swift in Sources */,
			);
			runOnlyForDeploymentPostprocessing = 0;
		};
/* End PBXSourcesBuildPhase section */

/* Begin XCBuildConfiguration section */
		C1B13A9E299E2B3F008A8DE0 /* Debug */ = {
			isa = XCBuildConfiguration;
			buildSettings = {
				ALWAYS_SEARCH_USER_PATHS = NO;
				CLANG_ANALYZER_NONNULL = YES;
				CLANG_ANALYZER_NUMBER_OBJECT_CONVERSION = YES_AGGRESSIVE;
				CLANG_CXX_LANGUAGE_STANDARD = "gnu++20";
				CLANG_ENABLE_MODULES = YES;
				CLANG_ENABLE_OBJC_ARC = YES;
				CLANG_ENABLE_OBJC_WEAK = YES;
				CLANG_WARN_BLOCK_CAPTURE_AUTORELEASING = YES;
				CLANG_WARN_BOOL_CONVERSION = YES;
				CLANG_WARN_COMMA = YES;
				CLANG_WARN_CONSTANT_CONVERSION = YES;
				CLANG_WARN_DEPRECATED_OBJC_IMPLEMENTATIONS = YES;
				CLANG_WARN_DIRECT_OBJC_ISA_USAGE = YES_ERROR;
				CLANG_WARN_DOCUMENTATION_COMMENTS = YES;
				CLANG_WARN_EMPTY_BODY = YES;
				CLANG_WARN_ENUM_CONVERSION = YES;
				CLANG_WARN_INFINITE_RECURSION = YES;
				CLANG_WARN_INT_CONVERSION = YES;
				CLANG_WARN_NON_LITERAL_NULL_CONVERSION = YES;
				CLANG_WARN_OBJC_IMPLICIT_RETAIN_SELF = YES;
				CLANG_WARN_OBJC_LITERAL_CONVERSION = YES;
				CLANG_WARN_OBJC_ROOT_CLASS = YES_ERROR;
				CLANG_WARN_QUOTED_INCLUDE_IN_FRAMEWORK_HEADER = YES;
				CLANG_WARN_RANGE_LOOP_ANALYSIS = YES;
				CLANG_WARN_STRICT_PROTOTYPES = YES;
				CLANG_WARN_SUSPICIOUS_MOVE = YES;
				CLANG_WARN_UNGUARDED_AVAILABILITY = YES_AGGRESSIVE;
				CLANG_WARN_UNREACHABLE_CODE = YES;
				CLANG_WARN__DUPLICATE_METHOD_MATCH = YES;
				COPY_PHASE_STRIP = NO;
				DEBUG_INFORMATION_FORMAT = dwarf;
				ENABLE_STRICT_OBJC_MSGSEND = YES;
				ENABLE_TESTABILITY = YES;
				GCC_C_LANGUAGE_STANDARD = gnu11;
				GCC_DYNAMIC_NO_PIC = NO;
				GCC_NO_COMMON_BLOCKS = YES;
				GCC_OPTIMIZATION_LEVEL = 0;
				GCC_PREPROCESSOR_DEFINITIONS = (
					"DEBUG=1",
					"$(inherited)",
				);
				GCC_WARN_64_TO_32_BIT_CONVERSION = YES;
				GCC_WARN_ABOUT_RETURN_TYPE = YES_ERROR;
				GCC_WARN_UNDECLARED_SELECTOR = YES;
				GCC_WARN_UNINITIALIZED_AUTOS = YES_AGGRESSIVE;
				GCC_WARN_UNUSED_FUNCTION = YES;
				GCC_WARN_UNUSED_VARIABLE = YES;
				IPHONEOS_DEPLOYMENT_TARGET = 16.0;
				MTL_ENABLE_DEBUG_INFO = INCLUDE_SOURCE;
				MTL_FAST_MATH = YES;
				ONLY_ACTIVE_ARCH = YES;
				SDKROOT = iphoneos;
				SWIFT_ACTIVE_COMPILATION_CONDITIONS = DEBUG;
				SWIFT_OPTIMIZATION_LEVEL = "-Onone";
			};
			name = Debug;
		};
		C1B13A9F299E2B3F008A8DE0 /* Release */ = {
			isa = XCBuildConfiguration;
			buildSettings = {
				ALWAYS_SEARCH_USER_PATHS = NO;
				CLANG_ANALYZER_NONNULL = YES;
				CLANG_ANALYZER_NUMBER_OBJECT_CONVERSION = YES_AGGRESSIVE;
				CLANG_CXX_LANGUAGE_STANDARD = "gnu++20";
				CLANG_ENABLE_MODULES = YES;
				CLANG_ENABLE_OBJC_ARC = YES;
				CLANG_ENABLE_OBJC_WEAK = YES;
				CLANG_WARN_BLOCK_CAPTURE_AUTORELEASING = YES;
				CLANG_WARN_BOOL_CONVERSION = YES;
				CLANG_WARN_COMMA = YES;
				CLANG_WARN_CONSTANT_CONVERSION = YES;
				CLANG_WARN_DEPRECATED_OBJC_IMPLEMENTATIONS = YES;
				CLANG_WARN_DIRECT_OBJC_ISA_USAGE = YES_ERROR;
				CLANG_WARN_DOCUMENTATION_COMMENTS = YES;
				CLANG_WARN_EMPTY_BODY = YES;
				CLANG_WARN_ENUM_CONVERSION = YES;
				CLANG_WARN_INFINITE_RECURSION = YES;
				CLANG_WARN_INT_CONVERSION = YES;
				CLANG_WARN_NON_LITERAL_NULL_CONVERSION = YES;
				CLANG_WARN_OBJC_IMPLICIT_RETAIN_SELF = YES;
				CLANG_WARN_OBJC_LITERAL_CONVERSION = YES;
				CLANG_WARN_OBJC_ROOT_CLASS = YES_ERROR;
				CLANG_WARN_QUOTED_INCLUDE_IN_FRAMEWORK_HEADER = YES;
				CLANG_WARN_RANGE_LOOP_ANALYSIS = YES;
				CLANG_WARN_STRICT_PROTOTYPES = YES;
				CLANG_WARN_SUSPICIOUS_MOVE = YES;
				CLANG_WARN_UNGUARDED_AVAILABILITY = YES_AGGRESSIVE;
				CLANG_WARN_UNREACHABLE_CODE = YES;
				CLANG_WARN__DUPLICATE_METHOD_MATCH = YES;
				COPY_PHASE_STRIP = NO;
				DEBUG_INFORMATION_FORMAT = "dwarf-with-dsym";
				ENABLE_NS_ASSERTIONS = NO;
				ENABLE_STRICT_OBJC_MSGSEND = YES;
				GCC_C_LANGUAGE_STANDARD = gnu11;
				GCC_NO_COMMON_BLOCKS = YES;
				GCC_WARN_64_TO_32_BIT_CONVERSION = YES;
				GCC_WARN_ABOUT_RETURN_TYPE = YES_ERROR;
				GCC_WARN_UNDECLARED_SELECTOR = YES;
				GCC_WARN_UNINITIALIZED_AUTOS = YES_AGGRESSIVE;
				GCC_WARN_UNUSED_FUNCTION = YES;
				GCC_WARN_UNUSED_VARIABLE = YES;
				IPHONEOS_DEPLOYMENT_TARGET = 16.0;
				MTL_ENABLE_DEBUG_INFO = NO;
				MTL_FAST_MATH = YES;
				SDKROOT = iphoneos;
				SWIFT_COMPILATION_MODE = wholemodule;
				SWIFT_OPTIMIZATION_LEVEL = "-O";
				VALIDATE_PRODUCT = YES;
			};
			name = Release;
		};
		C1B13AA1299E2B3F008A8DE0 /* Debug */ = {
			isa = XCBuildConfiguration;
			buildSettings = {
				ASSETCATALOG_COMPILER_APPICON_NAME = AppIcon;
				ASSETCATALOG_COMPILER_GLOBAL_ACCENT_COLOR_NAME = AccentColor;
				CODE_SIGN_STYLE = Automatic;
				CURRENT_PROJECT_VERSION = 1;
				DEVELOPMENT_ASSET_PATHS = "\"Applets/Preview Content\"";
				DEVELOPMENT_TEAM = 3523U23689;
				ENABLE_PREVIEWS = YES;
				GENERATE_INFOPLIST_FILE = YES;
				INFOPLIST_KEY_CFBundleDisplayName = Applet;
				INFOPLIST_KEY_LSApplicationCategoryType = "public.app-category.lifestyle";
				INFOPLIST_KEY_UIApplicationSceneManifest_Generation = YES;
				INFOPLIST_KEY_UIApplicationSupportsIndirectInputEvents = YES;
				INFOPLIST_KEY_UILaunchScreen_Generation = YES;
				INFOPLIST_KEY_UISupportedInterfaceOrientations_iPad = "UIInterfaceOrientationPortrait UIInterfaceOrientationPortraitUpsideDown UIInterfaceOrientationLandscapeLeft UIInterfaceOrientationLandscapeRight";
				INFOPLIST_KEY_UISupportedInterfaceOrientations_iPhone = "UIInterfaceOrientationPortrait UIInterfaceOrientationLandscapeLeft UIInterfaceOrientationLandscapeRight";
				LD_RUNPATH_SEARCH_PATHS = (
					"$(inherited)",
					"@executable_path/Frameworks",
				);
				MARKETING_VERSION = 1.0;
				PRODUCT_BUNDLE_IDENTIFIER = com.appletsacademy;
				PRODUCT_NAME = "$(TARGET_NAME)";
				SWIFT_EMIT_LOC_STRINGS = YES;
				SWIFT_VERSION = 5.0;
				TARGETED_DEVICE_FAMILY = "1,2";
			};
			name = Debug;
		};
		C1B13AA2299E2B3F008A8DE0 /* Release */ = {
			isa = XCBuildConfiguration;
			buildSettings = {
				ASSETCATALOG_COMPILER_APPICON_NAME = AppIcon;
				ASSETCATALOG_COMPILER_GLOBAL_ACCENT_COLOR_NAME = AccentColor;
				CODE_SIGN_STYLE = Automatic;
				CURRENT_PROJECT_VERSION = 1;
				DEVELOPMENT_ASSET_PATHS = "\"Applets/Preview Content\"";
				DEVELOPMENT_TEAM = 3523U23689;
				ENABLE_PREVIEWS = YES;
				GENERATE_INFOPLIST_FILE = YES;
				INFOPLIST_KEY_CFBundleDisplayName = Applet;
				INFOPLIST_KEY_LSApplicationCategoryType = "public.app-category.lifestyle";
				INFOPLIST_KEY_UIApplicationSceneManifest_Generation = YES;
				INFOPLIST_KEY_UIApplicationSupportsIndirectInputEvents = YES;
				INFOPLIST_KEY_UILaunchScreen_Generation = YES;
				INFOPLIST_KEY_UISupportedInterfaceOrientations_iPad = "UIInterfaceOrientationPortrait UIInterfaceOrientationPortraitUpsideDown UIInterfaceOrientationLandscapeLeft UIInterfaceOrientationLandscapeRight";
				INFOPLIST_KEY_UISupportedInterfaceOrientations_iPhone = "UIInterfaceOrientationPortrait UIInterfaceOrientationLandscapeLeft UIInterfaceOrientationLandscapeRight";
				LD_RUNPATH_SEARCH_PATHS = (
					"$(inherited)",
					"@executable_path/Frameworks",
				);
				MARKETING_VERSION = 1.0;
				PRODUCT_BUNDLE_IDENTIFIER = com.appletsacademy;
				PRODUCT_NAME = "$(TARGET_NAME)";
				SWIFT_EMIT_LOC_STRINGS = YES;
				SWIFT_VERSION = 5.0;
				TARGETED_DEVICE_FAMILY = "1,2";
			};
			name = Release;
		};
/* End XCBuildConfiguration section */

/* Begin XCConfigurationList section */
		C1B13A8D299E2B3E008A8DE0 /* Build configuration list for PBXProject "Applets" */ = {
			isa = XCConfigurationList;
			buildConfigurations = (
				C1B13A9E299E2B3F008A8DE0 /* Debug */,
				C1B13A9F299E2B3F008A8DE0 /* Release */,
			);
			defaultConfigurationIsVisible = 0;
			defaultConfigurationName = Release;
		};
		C1B13AA0299E2B3F008A8DE0 /* Build configuration list for PBXNativeTarget "Applets" */ = {
			isa = XCConfigurationList;
			buildConfigurations = (
				C1B13AA1299E2B3F008A8DE0 /* Debug */,
				C1B13AA2299E2B3F008A8DE0 /* Release */,
			);
			defaultConfigurationIsVisible = 0;
			defaultConfigurationName = Release;
		};
/* End XCConfigurationList section */
	};
	rootObject = C1B13A8A299E2B3E008A8DE0 /* Project object */;
}
